// !$*UTF8*$!
{
	archiveVersion = 1;
	classes = {
	};
	objectVersion = 50;
	objects = {

/* Begin PBXBuildFile section */
		96808D12252F8ED5001BB18B /* ContentViewModel.swift in Sources */ = {isa = PBXBuildFile; fileRef = 96808D11252F8ED5001BB18B /* ContentViewModel.swift */; };
		96808D16252FA3CF001BB18B /* Speedometer.swift in Sources */ = {isa = PBXBuildFile; fileRef = 96808D15252FA3CF001BB18B /* Speedometer.swift */; };
		96808D19252FA3D7001BB18B /* Accelerometer.swift in Sources */ = {isa = PBXBuildFile; fileRef = 96808D18252FA3D7001BB18B /* Accelerometer.swift */; };
		96EA0D1E252F8C120041CBAF /* AppDelegate.swift in Sources */ = {isa = PBXBuildFile; fileRef = 96EA0D1D252F8C120041CBAF /* AppDelegate.swift */; };
		96EA0D20252F8C120041CBAF /* SceneDelegate.swift in Sources */ = {isa = PBXBuildFile; fileRef = 96EA0D1F252F8C120041CBAF /* SceneDelegate.swift */; };
		96EA0D22252F8C120041CBAF /* ContentView.swift in Sources */ = {isa = PBXBuildFile; fileRef = 96EA0D21252F8C120041CBAF /* ContentView.swift */; };
		96EA0D25252F8C120041CBAF /* NanoMeter.xcdatamodeld in Sources */ = {isa = PBXBuildFile; fileRef = 96EA0D23252F8C120041CBAF /* NanoMeter.xcdatamodeld */; };
		96EA0D27252F8C190041CBAF /* Assets.xcassets in Resources */ = {isa = PBXBuildFile; fileRef = 96EA0D26252F8C190041CBAF /* Assets.xcassets */; };
		96EA0D2A252F8C190041CBAF /* Preview Assets.xcassets in Resources */ = {isa = PBXBuildFile; fileRef = 96EA0D29252F8C190041CBAF /* Preview Assets.xcassets */; };
		96EA0D2D252F8C190041CBAF /* LaunchScreen.storyboard in Resources */ = {isa = PBXBuildFile; fileRef = 96EA0D2B252F8C190041CBAF /* LaunchScreen.storyboard */; };
/* End PBXBuildFile section */

/* Begin PBXFileReference section */
		96808D11252F8ED5001BB18B /* ContentViewModel.swift */ = {isa = PBXFileReference; lastKnownFileType = sourcecode.swift; path = ContentViewModel.swift; sourceTree = "<group>"; };
		96808D15252FA3CF001BB18B /* Speedometer.swift */ = {isa = PBXFileReference; lastKnownFileType = sourcecode.swift; path = Speedometer.swift; sourceTree = "<group>"; };
		96808D18252FA3D7001BB18B /* Accelerometer.swift */ = {isa = PBXFileReference; lastKnownFileType = sourcecode.swift; path = Accelerometer.swift; sourceTree = "<group>"; };
		96EA0D1A252F8C120041CBAF /* NanoMeter.app */ = {isa = PBXFileReference; explicitFileType = wrapper.application; includeInIndex = 0; path = NanoMeter.app; sourceTree = BUILT_PRODUCTS_DIR; };
		96EA0D1D252F8C120041CBAF /* AppDelegate.swift */ = {isa = PBXFileReference; lastKnownFileType = sourcecode.swift; path = AppDelegate.swift; sourceTree = "<group>"; };
		96EA0D1F252F8C120041CBAF /* SceneDelegate.swift */ = {isa = PBXFileReference; lastKnownFileType = sourcecode.swift; path = SceneDelegate.swift; sourceTree = "<group>"; };
		96EA0D21252F8C120041CBAF /* ContentView.swift */ = {isa = PBXFileReference; lastKnownFileType = sourcecode.swift; path = ContentView.swift; sourceTree = "<group>"; };
		96EA0D24252F8C120041CBAF /* NanoMeter.xcdatamodel */ = {isa = PBXFileReference; lastKnownFileType = wrapper.xcdatamodel; path = NanoMeter.xcdatamodel; sourceTree = "<group>"; };
		96EA0D26252F8C190041CBAF /* Assets.xcassets */ = {isa = PBXFileReference; lastKnownFileType = folder.assetcatalog; path = Assets.xcassets; sourceTree = "<group>"; };
		96EA0D29252F8C190041CBAF /* Preview Assets.xcassets */ = {isa = PBXFileReference; lastKnownFileType = folder.assetcatalog; path = "Preview Assets.xcassets"; sourceTree = "<group>"; };
		96EA0D2C252F8C190041CBAF /* Base */ = {isa = PBXFileReference; lastKnownFileType = file.storyboard; name = Base; path = Base.lproj/LaunchScreen.storyboard; sourceTree = "<group>"; };
		96EA0D2E252F8C190041CBAF /* Info.plist */ = {isa = PBXFileReference; lastKnownFileType = text.plist.xml; path = Info.plist; sourceTree = "<group>"; };
/* End PBXFileReference section */

/* Begin PBXFrameworksBuildPhase section */
		96EA0D17252F8C120041CBAF /* Frameworks */ = {
			isa = PBXFrameworksBuildPhase;
			buildActionMask = 2147483647;
			files = (
			);
			runOnlyForDeploymentPostprocessing = 0;
		};
/* End PBXFrameworksBuildPhase section */

/* Begin PBXGroup section */
		96EA0D11252F8C120041CBAF = {
			isa = PBXGroup;
			children = (
				96EA0D1C252F8C120041CBAF /* NanoMeter */,
				96EA0D1B252F8C120041CBAF /* Products */,
			);
			sourceTree = "<group>";
		};
		96EA0D1B252F8C120041CBAF /* Products */ = {
			isa = PBXGroup;
			children = (
				96EA0D1A252F8C120041CBAF /* NanoMeter.app */,
			);
			name = Products;
			sourceTree = "<group>";
		};
		96EA0D1C252F8C120041CBAF /* NanoMeter */ = {
			isa = PBXGroup;
			children = (
				96EA0D1D252F8C120041CBAF /* AppDelegate.swift */,
				96EA0D1F252F8C120041CBAF /* SceneDelegate.swift */,
				96808D15252FA3CF001BB18B /* Speedometer.swift */,
				96808D18252FA3D7001BB18B /* Accelerometer.swift */,
				96EA0D21252F8C120041CBAF /* ContentView.swift */,
				96808D11252F8ED5001BB18B /* ContentViewModel.swift */,
				96EA0D26252F8C190041CBAF /* Assets.xcassets */,
				96EA0D2B252F8C190041CBAF /* LaunchScreen.storyboard */,
				96EA0D2E252F8C190041CBAF /* Info.plist */,
				96EA0D23252F8C120041CBAF /* NanoMeter.xcdatamodeld */,
				96EA0D28252F8C190041CBAF /* Preview Content */,
			);
			path = NanoMeter;
			sourceTree = "<group>";
		};
		96EA0D28252F8C190041CBAF /* Preview Content */ = {
			isa = PBXGroup;
			children = (
				96EA0D29252F8C190041CBAF /* Preview Assets.xcassets */,
			);
			path = "Preview Content";
			sourceTree = "<group>";
		};
/* End PBXGroup section */

/* Begin PBXNativeTarget section */
		96EA0D19252F8C120041CBAF /* NanoMeter */ = {
			isa = PBXNativeTarget;
			buildConfigurationList = 96EA0D31252F8C190041CBAF /* Build configuration list for PBXNativeTarget "NanoMeter" */;
			buildPhases = (
				96EA0D16252F8C120041CBAF /* Sources */,
				96EA0D17252F8C120041CBAF /* Frameworks */,
				96EA0D18252F8C120041CBAF /* Resources */,
			);
			buildRules = (
			);
			dependencies = (
			);
			name = NanoMeter;
			productName = NanoMeter;
			productReference = 96EA0D1A252F8C120041CBAF /* NanoMeter.app */;
			productType = "com.apple.product-type.application";
		};
/* End PBXNativeTarget section */

/* Begin PBXProject section */
		96EA0D12252F8C120041CBAF /* Project object */ = {
			isa = PBXProject;
			attributes = {
				LastSwiftUpdateCheck = 1200;
				LastUpgradeCheck = 1200;
				TargetAttributes = {
					96EA0D19252F8C120041CBAF = {
						CreatedOnToolsVersion = 12.0.1;
					};
				};
			};
			buildConfigurationList = 96EA0D15252F8C120041CBAF /* Build configuration list for PBXProject "NanoMeter" */;
			compatibilityVersion = "Xcode 9.3";
			developmentRegion = en;
			hasScannedForEncodings = 0;
			knownRegions = (
				en,
				Base,
			);
			mainGroup = 96EA0D11252F8C120041CBAF;
			productRefGroup = 96EA0D1B252F8C120041CBAF /* Products */;
			projectDirPath = "";
			projectRoot = "";
			targets = (
				96EA0D19252F8C120041CBAF /* NanoMeter */,
			);
		};
/* End PBXProject section */

/* Begin PBXResourcesBuildPhase section */
		96EA0D18252F8C120041CBAF /* Resources */ = {
			isa = PBXResourcesBuildPhase;
			buildActionMask = 2147483647;
			files = (
				96EA0D2D252F8C190041CBAF /* LaunchScreen.storyboard in Resources */,
				96EA0D2A252F8C190041CBAF /* Preview Assets.xcassets in Resources */,
				96EA0D27252F8C190041CBAF /* Assets.xcassets in Resources */,
			);
			runOnlyForDeploymentPostprocessing = 0;
		};
/* End PBXResourcesBuildPhase section */

/* Begin PBXSourcesBuildPhase section */
		96EA0D16252F8C120041CBAF /* Sources */ = {
			isa = PBXSourcesBuildPhase;
			buildActionMask = 2147483647;
			files = (
				96EA0D1E252F8C120041CBAF /* AppDelegate.swift in Sources */,
				96EA0D20252F8C120041CBAF /* SceneDelegate.swift in Sources */,
				96EA0D22252F8C120041CBAF /* ContentView.swift in Sources */,
				96808D16252FA3CF001BB18B /* Speedometer.swift in Sources */,
				96808D19252FA3D7001BB18B /* Accelerometer.swift in Sources */,
				96EA0D25252F8C120041CBAF /* NanoMeter.xcdatamodeld in Sources */,
				96808D12252F8ED5001BB18B /* ContentViewModel.swift in Sources */,
			);
			runOnlyForDeploymentPostprocessing = 0;
		};
/* End PBXSourcesBuildPhase section */

/* Begin PBXVariantGroup section */
		96EA0D2B252F8C190041CBAF /* LaunchScreen.storyboard */ = {
			isa = PBXVariantGroup;
			children = (
				96EA0D2C252F8C190041CBAF /* Base */,
			);
			name = LaunchScreen.storyboard;
			sourceTree = "<group>";
		};
/* End PBXVariantGroup section */

/* Begin XCBuildConfiguration section */
		96EA0D2F252F8C190041CBAF /* Debug */ = {
			isa = XCBuildConfiguration;
			buildSettings = {
				ALWAYS_SEARCH_USER_PATHS = NO;
				CLANG_ANALYZER_NONNULL = YES;
				CLANG_ANALYZER_NUMBER_OBJECT_CONVERSION = YES_AGGRESSIVE;
				CLANG_CXX_LANGUAGE_STANDARD = "gnu++14";
				CLANG_CXX_LIBRARY = "libc++";
				CLANG_ENABLE_MODULES = YES;
				CLANG_ENABLE_OBJC_ARC = YES;
				CLANG_ENABLE_OBJC_WEAK = YES;
				CLANG_WARN_BLOCK_CAPTURE_AUTORELEASING = YES;
				CLANG_WARN_BOOL_CONVERSION = YES;
				CLANG_WARN_COMMA = YES;
				CLANG_WARN_CONSTANT_CONVERSION = YES;
				CLANG_WARN_DEPRECATED_OBJC_IMPLEMENTATIONS = YES;
				CLANG_WARN_DIRECT_OBJC_ISA_USAGE = YES_ERROR;
				CLANG_WARN_DOCUMENTATION_COMMENTS = YES;
				CLANG_WARN_EMPTY_BODY = YES;
				CLANG_WARN_ENUM_CONVERSION = YES;
				CLANG_WARN_INFINITE_RECURSION = YES;
				CLANG_WARN_INT_CONVERSION = YES;
				CLANG_WARN_NON_LITERAL_NULL_CONVERSION = YES;
				CLANG_WARN_OBJC_IMPLICIT_RETAIN_SELF = YES;
				CLANG_WARN_OBJC_LITERAL_CONVERSION = YES;
				CLANG_WARN_OBJC_ROOT_CLASS = YES_ERROR;
				CLANG_WARN_QUOTED_INCLUDE_IN_FRAMEWORK_HEADER = YES;
				CLANG_WARN_RANGE_LOOP_ANALYSIS = YES;
				CLANG_WARN_STRICT_PROTOTYPES = YES;
				CLANG_WARN_SUSPICIOUS_MOVE = YES;
				CLANG_WARN_UNGUARDED_AVAILABILITY = YES_AGGRESSIVE;
				CLANG_WARN_UNREACHABLE_CODE = YES;
				CLANG_WARN__DUPLICATE_METHOD_MATCH = YES;
				COPY_PHASE_STRIP = NO;
				DEBUG_INFORMATION_FORMAT = dwarf;
				ENABLE_STRICT_OBJC_MSGSEND = YES;
				ENABLE_TESTABILITY = YES;
				GCC_C_LANGUAGE_STANDARD = gnu11;
				GCC_DYNAMIC_NO_PIC = NO;
				GCC_NO_COMMON_BLOCKS = YES;
				GCC_OPTIMIZATION_LEVEL = 0;
				GCC_PREPROCESSOR_DEFINITIONS = (
					"DEBUG=1",
					"$(inherited)",
				);
				GCC_WARN_64_TO_32_BIT_CONVERSION = YES;
				GCC_WARN_ABOUT_RETURN_TYPE = YES_ERROR;
				GCC_WARN_UNDECLARED_SELECTOR = YES;
				GCC_WARN_UNINITIALIZED_AUTOS = YES_AGGRESSIVE;
				GCC_WARN_UNUSED_FUNCTION = YES;
				GCC_WARN_UNUSED_VARIABLE = YES;
				IPHONEOS_DEPLOYMENT_TARGET = 14.0;
				MTL_ENABLE_DEBUG_INFO = INCLUDE_SOURCE;
				MTL_FAST_MATH = YES;
				ONLY_ACTIVE_ARCH = YES;
				SDKROOT = iphoneos;
				SWIFT_ACTIVE_COMPILATION_CONDITIONS = DEBUG;
				SWIFT_OPTIMIZATION_LEVEL = "-Onone";
			};
			name = Debug;
		};
		96EA0D30252F8C190041CBAF /* Release */ = {
			isa = XCBuildConfiguration;
			buildSettings = {
				ALWAYS_SEARCH_USER_PATHS = NO;
				CLANG_ANALYZER_NONNULL = YES;
				CLANG_ANALYZER_NUMBER_OBJECT_CONVERSION = YES_AGGRESSIVE;
				CLANG_CXX_LANGUAGE_STANDARD = "gnu++14";
				CLANG_CXX_LIBRARY = "libc++";
				CLANG_ENABLE_MODULES = YES;
				CLANG_ENABLE_OBJC_ARC = YES;
				CLANG_ENABLE_OBJC_WEAK = YES;
				CLANG_WARN_BLOCK_CAPTURE_AUTORELEASING = YES;
				CLANG_WARN_BOOL_CONVERSION = YES;
				CLANG_WARN_COMMA = YES;
				CLANG_WARN_CONSTANT_CONVERSION = YES;
				CLANG_WARN_DEPRECATED_OBJC_IMPLEMENTATIONS = YES;
				CLANG_WARN_DIRECT_OBJC_ISA_USAGE = YES_ERROR;
				CLANG_WARN_DOCUMENTATION_COMMENTS = YES;
				CLANG_WARN_EMPTY_BODY = YES;
				CLANG_WARN_ENUM_CONVERSION = YES;
				CLANG_WARN_INFINITE_RECURSION = YES;
				CLANG_WARN_INT_CONVERSION = YES;
				CLANG_WARN_NON_LITERAL_NULL_CONVERSION = YES;
				CLANG_WARN_OBJC_IMPLICIT_RETAIN_SELF = YES;
				CLANG_WARN_OBJC_LITERAL_CONVERSION = YES;
				CLANG_WARN_OBJC_ROOT_CLASS = YES_ERROR;
				CLANG_WARN_QUOTED_INCLUDE_IN_FRAMEWORK_HEADER = YES;
				CLANG_WARN_RANGE_LOOP_ANALYSIS = YES;
				CLANG_WARN_STRICT_PROTOTYPES = YES;
				CLANG_WARN_SUSPICIOUS_MOVE = YES;
				CLANG_WARN_UNGUARDED_AVAILABILITY = YES_AGGRESSIVE;
				CLANG_WARN_UNREACHABLE_CODE = YES;
				CLANG_WARN__DUPLICATE_METHOD_MATCH = YES;
				COPY_PHASE_STRIP = NO;
				DEBUG_INFORMATION_FORMAT = "dwarf-with-dsym";
				ENABLE_NS_ASSERTIONS = NO;
				ENABLE_STRICT_OBJC_MSGSEND = YES;
				GCC_C_LANGUAGE_STANDARD = gnu11;
				GCC_NO_COMMON_BLOCKS = YES;
				GCC_WARN_64_TO_32_BIT_CONVERSION = YES;
				GCC_WARN_ABOUT_RETURN_TYPE = YES_ERROR;
				GCC_WARN_UNDECLARED_SELECTOR = YES;
				GCC_WARN_UNINITIALIZED_AUTOS = YES_AGGRESSIVE;
				GCC_WARN_UNUSED_FUNCTION = YES;
				GCC_WARN_UNUSED_VARIABLE = YES;
				IPHONEOS_DEPLOYMENT_TARGET = 14.0;
				MTL_ENABLE_DEBUG_INFO = NO;
				MTL_FAST_MATH = YES;
				SDKROOT = iphoneos;
				SWIFT_COMPILATION_MODE = wholemodule;
				SWIFT_OPTIMIZATION_LEVEL = "-O";
				VALIDATE_PRODUCT = YES;
			};
			name = Release;
		};
		96EA0D32252F8C190041CBAF /* Debug */ = {
			isa = XCBuildConfiguration;
			buildSettings = {
				ASSETCATALOG_COMPILER_APPICON_NAME = AppIcon;
				ASSETCATALOG_COMPILER_GLOBAL_ACCENT_COLOR_NAME = AccentColor;
				CODE_SIGN_STYLE = Automatic;
				DEVELOPMENT_ASSET_PATHS = "\"NanoMeter/Preview Content\"";
				DEVELOPMENT_TEAM = F65W3J85C2;
				ENABLE_PREVIEWS = YES;
				INFOPLIST_FILE = NanoMeter/Info.plist;
				IPHONEOS_DEPLOYMENT_TARGET = 13.0;
				LD_RUNPATH_SEARCH_PATHS = (
					"$(inherited)",
					"@executable_path/Frameworks",
				);
				PRODUCT_BUNDLE_IDENTIFIER = garrepi.NanoMeter;
				PRODUCT_NAME = "$(TARGET_NAME)";
				SWIFT_VERSION = 5.0;
				TARGETED_DEVICE_FAMILY = "1,2";
			};
			name = Debug;
		};
		96EA0D33252F8C190041CBAF /* Release */ = {
			isa = XCBuildConfiguration;
			buildSettings = {
				ASSETCATALOG_COMPILER_APPICON_NAME = AppIcon;
				ASSETCATALOG_COMPILER_GLOBAL_ACCENT_COLOR_NAME = AccentColor;
				CODE_SIGN_STYLE = Automatic;
				DEVELOPMENT_ASSET_PATHS = "\"NanoMeter/Preview Content\"";
				DEVELOPMENT_TEAM = F65W3J85C2;
				ENABLE_PREVIEWS = YES;
				INFOPLIST_FILE = NanoMeter/Info.plist;
				IPHONEOS_DEPLOYMENT_TARGET = 13.0;
				LD_RUNPATH_SEARCH_PATHS = (
					"$(inherited)",
					"@executable_path/Frameworks",
				);
				PRODUCT_BUNDLE_IDENTIFIER = garrepi.NanoMeter;
				PRODUCT_NAME = "$(TARGET_NAME)";
				SWIFT_VERSION = 5.0;
				TARGETED_DEVICE_FAMILY = "1,2";
			};
			name = Release;
		};
/* End XCBuildConfiguration section */

/* Begin XCConfigurationList section */
		96EA0D15252F8C120041CBAF /* Build configuration list for PBXProject "NanoMeter" */ = {
			isa = XCConfigurationList;
			buildConfigurations = (
				96EA0D2F252F8C190041CBAF /* Debug */,
				96EA0D30252F8C190041CBAF /* Release */,
			);
			defaultConfigurationIsVisible = 0;
			defaultConfigurationName = Release;
		};
		96EA0D31252F8C190041CBAF /* Build configuration list for PBXNativeTarget "NanoMeter" */ = {
			isa = XCConfigurationList;
			buildConfigurations = (
				96EA0D32252F8C190041CBAF /* Debug */,
				96EA0D33252F8C190041CBAF /* Release */,
			);
			defaultConfigurationIsVisible = 0;
			defaultConfigurationName = Release;
		};
/* End XCConfigurationList section */

/* Begin XCVersionGroup section */
		96EA0D23252F8C120041CBAF /* NanoMeter.xcdatamodeld */ = {
			isa = XCVersionGroup;
			children = (
				96EA0D24252F8C120041CBAF /* NanoMeter.xcdatamodel */,
			);
			currentVersion = 96EA0D24252F8C120041CBAF /* NanoMeter.xcdatamodel */;
			path = NanoMeter.xcdatamodeld;
			sourceTree = "<group>";
			versionGroupType = wrapper.xcdatamodel;
		};
/* End XCVersionGroup section */
	};
	rootObject = 96EA0D12252F8C120041CBAF /* Project object */;
}
